
Microsoft Visual Studio Solution File, Format Version 12.00
# Visual Studio Version 18
VisualStudioVersion = 18.5.11709.299 stable
MinimumVisualStudioVersion = 10.0.40219.1
Project("{FAE04EC0-301F-11D3-BF4B-00C04F79EFBC}") = "PhoneControlServer", "PhoneControlServer.csproj", "{81567652-532D-8468-1E21-27370B1BD102}"
EndProject
Global
	GlobalSection(SolutionConfigurationPlatforms) = preSolution
		Debug|Any CPU = Debug|Any CPU
		Release|Any CPU = Release|Any CPU
	EndGlobalSection
	GlobalSection(ProjectConfigurationPlatforms) = postSolution
		{81567652-532D-8468-1E21-27370B1BD102}.Debug|Any CPU.ActiveCfg = Debug|Any CPU
		{81567652-532D-8468-1E21-27370B1BD102}.Debug|Any CPU.Build.0 = Debug|Any CPU
		{81567652-532D-8468-1E21-27370B1BD102}.Release|Any CPU.ActiveCfg = Release|Any CPU
		{81567652-532D-8468-1E21-27370B1BD102}.Release|Any CPU.Build.0 = Release|Any CPU
	EndGlobalSection
	GlobalSection(SolutionProperties) = preSolution
		HideSolutionNode = FALSE
	EndGlobalSection
	GlobalSection(ExtensibilityGlobals) = postSolution
		SolutionGuid = {EC54621A-FA64-4D6C-A850-9B5C08C250E2}
	EndGlobalSection
EndGlobal
